// !$*UTF8*$!
{
	archiveVersion = 1;
	classes = {
	};
	objectVersion = 55;
	objects = {

/* Begin PBXBuildFile section */
		1383EC870A99E9B27A8CF121 /* Pods_MuuvChallengeAppTests.framework in Frameworks */ = {isa = PBXBuildFile; fileRef = DEDE4FE4C693E1CA166F37FB /* Pods_MuuvChallengeAppTests.framework */; };
		4E8894CBF5C9726DC2CE625C /* Pods_MuuvChallengeApp_MuuvChallengeAppUITests.framework in Frameworks */ = {isa = PBXBuildFile; fileRef = 6E96A160E9900BB52FB44A60 /* Pods_MuuvChallengeApp_MuuvChallengeAppUITests.framework */; };
		B7B76E9128736411000C096F /* RemoteGetUsersClient.swift in Sources */ = {isa = PBXBuildFile; fileRef = B7B76E7D28736411000C096F /* RemoteGetUsersClient.swift */; };
		B7B76E9328736411000C096F /* NativeHTTPClient.swift in Sources */ = {isa = PBXBuildFile; fileRef = B7B76E8028736411000C096F /* NativeHTTPClient.swift */; };
		B7B76E9428736411000C096F /* NetworkManager.swift in Sources */ = {isa = PBXBuildFile; fileRef = B7B76E8128736411000C096F /* NetworkManager.swift */; };
		B7B76E9828736411000C096F /* GetUsersRequest.swift in Sources */ = {isa = PBXBuildFile; fileRef = B7B76E8628736411000C096F /* GetUsersRequest.swift */; };
		B7B76EA32873667C000C096F /* RemoteGetUsersIntegrationTests.swift in Sources */ = {isa = PBXBuildFile; fileRef = B7B76EA22873667C000C096F /* RemoteGetUsersIntegrationTests.swift */; };
		B7B76EA728736C4F000C096F /* UserListViewModelTests.swift in Sources */ = {isa = PBXBuildFile; fileRef = B7B76EA628736C4F000C096F /* UserListViewModelTests.swift */; };
		B7B76EA928738A40000C096F /* UserListViewModel.swift in Sources */ = {isa = PBXBuildFile; fileRef = B7B76EA828738A40000C096F /* UserListViewModel.swift */; };
		B7B76EAC28738AE2000C096F /* Array+Extensions.swift in Sources */ = {isa = PBXBuildFile; fileRef = B7B76EAB28738AE2000C096F /* Array+Extensions.swift */; };
		B7BCDED72873486B00225F40 /* MuuvChallengeAppApp.swift in Sources */ = {isa = PBXBuildFile; fileRef = B7BCDED62873486B00225F40 /* MuuvChallengeAppApp.swift */; };
		B7BCDED92873486B00225F40 /* ContentView.swift in Sources */ = {isa = PBXBuildFile; fileRef = B7BCDED82873486B00225F40 /* ContentView.swift */; };
		B7BCDEDB2873486C00225F40 /* Assets.xcassets in Resources */ = {isa = PBXBuildFile; fileRef = B7BCDEDA2873486C00225F40 /* Assets.xcassets */; };
		B7BCDEDE2873486C00225F40 /* Preview Assets.xcassets in Resources */ = {isa = PBXBuildFile; fileRef = B7BCDEDD2873486C00225F40 /* Preview Assets.xcassets */; };
		B7BCDEE82873486D00225F40 /* MuuvChallengeAppTests.swift in Sources */ = {isa = PBXBuildFile; fileRef = B7BCDEE72873486D00225F40 /* MuuvChallengeAppTests.swift */; };
		B7BCDEF22873486D00225F40 /* MuuvChallengeAppUITests.swift in Sources */ = {isa = PBXBuildFile; fileRef = B7BCDEF12873486D00225F40 /* MuuvChallengeAppUITests.swift */; };
		B7BCDEF42873486D00225F40 /* MuuvChallengeAppUITestsLaunchTests.swift in Sources */ = {isa = PBXBuildFile; fileRef = B7BCDEF32873486D00225F40 /* MuuvChallengeAppUITestsLaunchTests.swift */; };
		B7BCDF4B287349FE00225F40 /* UsersTests.swift in Sources */ = {isa = PBXBuildFile; fileRef = B7BCDF13287349FE00225F40 /* UsersTests.swift */; };
		B7BCDF5C287349FE00225F40 /* RequestTests.swift in Sources */ = {isa = PBXBuildFile; fileRef = B7BCDF2A287349FE00225F40 /* RequestTests.swift */; };
		B7BCDF5D287349FE00225F40 /* HTTPMethodTests.swift in Sources */ = {isa = PBXBuildFile; fileRef = B7BCDF2B287349FE00225F40 /* HTTPMethodTests.swift */; };
		B7BCDF5E287349FE00225F40 /* HTTPErrorTests.swift in Sources */ = {isa = PBXBuildFile; fileRef = B7BCDF2C287349FE00225F40 /* HTTPErrorTests.swift */; };
		B7BCDF65287349FE00225F40 /* RemoteGetUsersUseCaseTests.swift in Sources */ = {isa = PBXBuildFile; fileRef = B7BCDF36287349FE00225F40 /* RemoteGetUsersUseCaseTests.swift */; };
		B7BCDF6B287349FE00225F40 /* MockClients.swift in Sources */ = {isa = PBXBuildFile; fileRef = B7BCDF41287349FE00225F40 /* MockClients.swift */; };
		B7BCDF6C287349FE00225F40 /* MockHTTPClient.swift in Sources */ = {isa = PBXBuildFile; fileRef = B7BCDF42287349FE00225F40 /* MockHTTPClient.swift */; };
		B7BCDF6D287349FE00225F40 /* Mocks.swift in Sources */ = {isa = PBXBuildFile; fileRef = B7BCDF43287349FE00225F40 /* Mocks.swift */; };
		B7BCDFB128734A1300225F40 /* TypeAlias.swift in Sources */ = {isa = PBXBuildFile; fileRef = B7BCDF7028734A1300225F40 /* TypeAlias.swift */; };
		B7BCDFB528734A1300225F40 /* Model.swift in Sources */ = {isa = PBXBuildFile; fileRef = B7BCDF7528734A1300225F40 /* Model.swift */; };
		B7BCDFB728734A1300225F40 /* User.swift in Sources */ = {isa = PBXBuildFile; fileRef = B7BCDF7728734A1300225F40 /* User.swift */; };
		B7BCDFBB28734A1300225F40 /* GetUsersUseCase.swift in Sources */ = {isa = PBXBuildFile; fileRef = B7BCDF7C28734A1300225F40 /* GetUsersUseCase.swift */; };
		B7BCDFC528734A1300225F40 /* DomainError.swift in Sources */ = {isa = PBXBuildFile; fileRef = B7BCDF8728734A1300225F40 /* DomainError.swift */; };
		B7BCDFD728734A1300225F40 /* HTTPMethod.swift in Sources */ = {isa = PBXBuildFile; fileRef = B7BCDFA028734A1300225F40 /* HTTPMethod.swift */; };
		B7BCDFD828734A1300225F40 /* HTTPClient.swift in Sources */ = {isa = PBXBuildFile; fileRef = B7BCDFA128734A1300225F40 /* HTTPClient.swift */; };
		B7BCDFD928734A1300225F40 /* HTTPError.swift in Sources */ = {isa = PBXBuildFile; fileRef = B7BCDFA228734A1300225F40 /* HTTPError.swift */; };
		B7BCDFDA28734A1300225F40 /* Request.swift in Sources */ = {isa = PBXBuildFile; fileRef = B7BCDFA328734A1300225F40 /* Request.swift */; };
		B7BCDFE128734A1300225F40 /* RemoteGetUsersUseCase.swift in Sources */ = {isa = PBXBuildFile; fileRef = B7BCDFAD28734A1300225F40 /* RemoteGetUsersUseCase.swift */; };
		B7BCDFE628734BC000225F40 /* Users.swift in Sources */ = {isa = PBXBuildFile; fileRef = B7BCDFE528734BC000225F40 /* Users.swift */; };
		B7BCDFF3287355EA00225F40 /* MockURLProtocol.swift in Sources */ = {isa = PBXBuildFile; fileRef = B7BCDFF1287355EA00225F40 /* MockURLProtocol.swift */; };
		B7BCDFF4287355EA00225F40 /* URLRequestExtension.swift in Sources */ = {isa = PBXBuildFile; fileRef = B7BCDFF2287355EA00225F40 /* URLRequestExtension.swift */; };
		B7BCE00E287355F300225F40 /* RemoteGetUsersClientTests.swift in Sources */ = {isa = PBXBuildFile; fileRef = B7BCDFFD287355F300225F40 /* RemoteGetUsersClientTests.swift */; };
		B7BCE00F287355F300225F40 /* NativeHTTPClientTests.swift in Sources */ = {isa = PBXBuildFile; fileRef = B7BCDFFF287355F300225F40 /* NativeHTTPClientTests.swift */; };
		B7BCE014287355F300225F40 /* GetUsersRequestTests.swift in Sources */ = {isa = PBXBuildFile; fileRef = B7BCE005287355F300225F40 /* GetUsersRequestTests.swift */; };
		CB2CED280E3B15D023FEAD37 /* Pods_MuuvChallengeApp.framework in Frameworks */ = {isa = PBXBuildFile; fileRef = A30F39FF5108A78E9FA74D21 /* Pods_MuuvChallengeApp.framework */; };
/* End PBXBuildFile section */

/* Begin PBXContainerItemProxy section */
		B7BCDEE42873486D00225F40 /* PBXContainerItemProxy */ = {
			isa = PBXContainerItemProxy;
			containerPortal = B7BCDECB2873486B00225F40 /* Project object */;
			proxyType = 1;
			remoteGlobalIDString = B7BCDED22873486B00225F40;
			remoteInfo = MuuvChallengeApp;
		};
		B7BCDEEE2873486D00225F40 /* PBXContainerItemProxy */ = {
			isa = PBXContainerItemProxy;
			containerPortal = B7BCDECB2873486B00225F40 /* Project object */;
			proxyType = 1;
			remoteGlobalIDString = B7BCDED22873486B00225F40;
			remoteInfo = MuuvChallengeApp;
		};
/* End PBXContainerItemProxy section */

/* Begin PBXFileReference section */
		4C8F2D0A9B604B6252795EE5 /* Pods-MuuvChallengeAppTests.debug.xcconfig */ = {isa = PBXFileReference; includeInIndex = 1; lastKnownFileType = text.xcconfig; name = "Pods-MuuvChallengeAppTests.debug.xcconfig"; path = "Target Support Files/Pods-MuuvChallengeAppTests/Pods-MuuvChallengeAppTests.debug.xcconfig"; sourceTree = "<group>"; };
		6E96A160E9900BB52FB44A60 /* Pods_MuuvChallengeApp_MuuvChallengeAppUITests.framework */ = {isa = PBXFileReference; explicitFileType = wrapper.framework; includeInIndex = 0; path = Pods_MuuvChallengeApp_MuuvChallengeAppUITests.framework; sourceTree = BUILT_PRODUCTS_DIR; };
		A30F39FF5108A78E9FA74D21 /* Pods_MuuvChallengeApp.framework */ = {isa = PBXFileReference; explicitFileType = wrapper.framework; includeInIndex = 0; path = Pods_MuuvChallengeApp.framework; sourceTree = BUILT_PRODUCTS_DIR; };
		A5C4DD494058242D4D0D110C /* Pods-MuuvChallengeApp.debug.xcconfig */ = {isa = PBXFileReference; includeInIndex = 1; lastKnownFileType = text.xcconfig; name = "Pods-MuuvChallengeApp.debug.xcconfig"; path = "Target Support Files/Pods-MuuvChallengeApp/Pods-MuuvChallengeApp.debug.xcconfig"; sourceTree = "<group>"; };
		B7B76E7D28736411000C096F /* RemoteGetUsersClient.swift */ = {isa = PBXFileReference; fileEncoding = 4; lastKnownFileType = sourcecode.swift; path = RemoteGetUsersClient.swift; sourceTree = "<group>"; };
		B7B76E8028736411000C096F /* NativeHTTPClient.swift */ = {isa = PBXFileReference; fileEncoding = 4; lastKnownFileType = sourcecode.swift; path = NativeHTTPClient.swift; sourceTree = "<group>"; };
		B7B76E8128736411000C096F /* NetworkManager.swift */ = {isa = PBXFileReference; fileEncoding = 4; lastKnownFileType = sourcecode.swift; path = NetworkManager.swift; sourceTree = "<group>"; };
		B7B76E8628736411000C096F /* GetUsersRequest.swift */ = {isa = PBXFileReference; fileEncoding = 4; lastKnownFileType = sourcecode.swift; path = GetUsersRequest.swift; sourceTree = "<group>"; };
		B7B76EA22873667C000C096F /* RemoteGetUsersIntegrationTests.swift */ = {isa = PBXFileReference; lastKnownFileType = sourcecode.swift; path = RemoteGetUsersIntegrationTests.swift; sourceTree = "<group>"; };
		B7B76EA628736C4F000C096F /* UserListViewModelTests.swift */ = {isa = PBXFileReference; lastKnownFileType = sourcecode.swift; path = UserListViewModelTests.swift; sourceTree = "<group>"; };
		B7B76EA828738A40000C096F /* UserListViewModel.swift */ = {isa = PBXFileReference; lastKnownFileType = sourcecode.swift; path = UserListViewModel.swift; sourceTree = "<group>"; };
		B7B76EAB28738AE2000C096F /* Array+Extensions.swift */ = {isa = PBXFileReference; lastKnownFileType = sourcecode.swift; path = "Array+Extensions.swift"; sourceTree = "<group>"; };
		B7BCDED32873486B00225F40 /* MuuvChallengeApp.app */ = {isa = PBXFileReference; explicitFileType = wrapper.application; includeInIndex = 0; path = MuuvChallengeApp.app; sourceTree = BUILT_PRODUCTS_DIR; };
		B7BCDED62873486B00225F40 /* MuuvChallengeAppApp.swift */ = {isa = PBXFileReference; lastKnownFileType = sourcecode.swift; path = MuuvChallengeAppApp.swift; sourceTree = "<group>"; };
		B7BCDED82873486B00225F40 /* ContentView.swift */ = {isa = PBXFileReference; lastKnownFileType = sourcecode.swift; path = ContentView.swift; sourceTree = "<group>"; };
		B7BCDEDA2873486C00225F40 /* Assets.xcassets */ = {isa = PBXFileReference; lastKnownFileType = folder.assetcatalog; path = Assets.xcassets; sourceTree = "<group>"; };
		B7BCDEDD2873486C00225F40 /* Preview Assets.xcassets */ = {isa = PBXFileReference; lastKnownFileType = folder.assetcatalog; path = "Preview Assets.xcassets"; sourceTree = "<group>"; };
		B7BCDEE32873486D00225F40 /* MuuvChallengeAppTests.xctest */ = {isa = PBXFileReference; explicitFileType = wrapper.cfbundle; includeInIndex = 0; path = MuuvChallengeAppTests.xctest; sourceTree = BUILT_PRODUCTS_DIR; };
		B7BCDEE72873486D00225F40 /* MuuvChallengeAppTests.swift */ = {isa = PBXFileReference; lastKnownFileType = sourcecode.swift; path = MuuvChallengeAppTests.swift; sourceTree = "<group>"; };
		B7BCDEED2873486D00225F40 /* MuuvChallengeAppUITests.xctest */ = {isa = PBXFileReference; explicitFileType = wrapper.cfbundle; includeInIndex = 0; path = MuuvChallengeAppUITests.xctest; sourceTree = BUILT_PRODUCTS_DIR; };
		B7BCDEF12873486D00225F40 /* MuuvChallengeAppUITests.swift */ = {isa = PBXFileReference; lastKnownFileType = sourcecode.swift; path = MuuvChallengeAppUITests.swift; sourceTree = "<group>"; };
		B7BCDEF32873486D00225F40 /* MuuvChallengeAppUITestsLaunchTests.swift */ = {isa = PBXFileReference; lastKnownFileType = sourcecode.swift; path = MuuvChallengeAppUITestsLaunchTests.swift; sourceTree = "<group>"; };
		B7BCDF13287349FE00225F40 /* UsersTests.swift */ = {isa = PBXFileReference; fileEncoding = 4; lastKnownFileType = sourcecode.swift; path = UsersTests.swift; sourceTree = "<group>"; };
		B7BCDF2A287349FE00225F40 /* RequestTests.swift */ = {isa = PBXFileReference; fileEncoding = 4; lastKnownFileType = sourcecode.swift; path = RequestTests.swift; sourceTree = "<group>"; };
		B7BCDF2B287349FE00225F40 /* HTTPMethodTests.swift */ = {isa = PBXFileReference; fileEncoding = 4; lastKnownFileType = sourcecode.swift; path = HTTPMethodTests.swift; sourceTree = "<group>"; };
		B7BCDF2C287349FE00225F40 /* HTTPErrorTests.swift */ = {isa = PBXFileReference; fileEncoding = 4; lastKnownFileType = sourcecode.swift; path = HTTPErrorTests.swift; sourceTree = "<group>"; };
		B7BCDF36287349FE00225F40 /* RemoteGetUsersUseCaseTests.swift */ = {isa = PBXFileReference; fileEncoding = 4; lastKnownFileType = sourcecode.swift; path = RemoteGetUsersUseCaseTests.swift; sourceTree = "<group>"; };
		B7BCDF41287349FE00225F40 /* MockClients.swift */ = {isa = PBXFileReference; fileEncoding = 4; lastKnownFileType = sourcecode.swift; path = MockClients.swift; sourceTree = "<group>"; };
		B7BCDF42287349FE00225F40 /* MockHTTPClient.swift */ = {isa = PBXFileReference; fileEncoding = 4; lastKnownFileType = sourcecode.swift; path = MockHTTPClient.swift; sourceTree = "<group>"; };
		B7BCDF43287349FE00225F40 /* Mocks.swift */ = {isa = PBXFileReference; fileEncoding = 4; lastKnownFileType = sourcecode.swift; path = Mocks.swift; sourceTree = "<group>"; };
		B7BCDF7028734A1300225F40 /* TypeAlias.swift */ = {isa = PBXFileReference; fileEncoding = 4; lastKnownFileType = sourcecode.swift; path = TypeAlias.swift; sourceTree = "<group>"; };
		B7BCDF7528734A1300225F40 /* Model.swift */ = {isa = PBXFileReference; fileEncoding = 4; lastKnownFileType = sourcecode.swift; path = Model.swift; sourceTree = "<group>"; };
		B7BCDF7728734A1300225F40 /* User.swift */ = {isa = PBXFileReference; fileEncoding = 4; lastKnownFileType = sourcecode.swift; path = User.swift; sourceTree = "<group>"; };
		B7BCDF7C28734A1300225F40 /* GetUsersUseCase.swift */ = {isa = PBXFileReference; fileEncoding = 4; lastKnownFileType = sourcecode.swift; path = GetUsersUseCase.swift; sourceTree = "<group>"; };
		B7BCDF8728734A1300225F40 /* DomainError.swift */ = {isa = PBXFileReference; fileEncoding = 4; lastKnownFileType = sourcecode.swift; path = DomainError.swift; sourceTree = "<group>"; };
		B7BCDFA028734A1300225F40 /* HTTPMethod.swift */ = {isa = PBXFileReference; fileEncoding = 4; lastKnownFileType = sourcecode.swift; path = HTTPMethod.swift; sourceTree = "<group>"; };
		B7BCDFA128734A1300225F40 /* HTTPClient.swift */ = {isa = PBXFileReference; fileEncoding = 4; lastKnownFileType = sourcecode.swift; path = HTTPClient.swift; sourceTree = "<group>"; };
		B7BCDFA228734A1300225F40 /* HTTPError.swift */ = {isa = PBXFileReference; fileEncoding = 4; lastKnownFileType = sourcecode.swift; path = HTTPError.swift; sourceTree = "<group>"; };
		B7BCDFA328734A1300225F40 /* Request.swift */ = {isa = PBXFileReference; fileEncoding = 4; lastKnownFileType = sourcecode.swift; path = Request.swift; sourceTree = "<group>"; };
		B7BCDFAD28734A1300225F40 /* RemoteGetUsersUseCase.swift */ = {isa = PBXFileReference; fileEncoding = 4; lastKnownFileType = sourcecode.swift; path = RemoteGetUsersUseCase.swift; sourceTree = "<group>"; };
		B7BCDFE528734BC000225F40 /* Users.swift */ = {isa = PBXFileReference; lastKnownFileType = sourcecode.swift; path = Users.swift; sourceTree = "<group>"; };
		B7BCDFF1287355EA00225F40 /* MockURLProtocol.swift */ = {isa = PBXFileReference; fileEncoding = 4; lastKnownFileType = sourcecode.swift; path = MockURLProtocol.swift; sourceTree = "<group>"; };
		B7BCDFF2287355EA00225F40 /* URLRequestExtension.swift */ = {isa = PBXFileReference; fileEncoding = 4; lastKnownFileType = sourcecode.swift; path = URLRequestExtension.swift; sourceTree = "<group>"; };
		B7BCDFFD287355F300225F40 /* RemoteGetUsersClientTests.swift */ = {isa = PBXFileReference; fileEncoding = 4; lastKnownFileType = sourcecode.swift; path = RemoteGetUsersClientTests.swift; sourceTree = "<group>"; };
		B7BCDFFF287355F300225F40 /* NativeHTTPClientTests.swift */ = {isa = PBXFileReference; fileEncoding = 4; lastKnownFileType = sourcecode.swift; path = NativeHTTPClientTests.swift; sourceTree = "<group>"; };
		B7BCE005287355F300225F40 /* GetUsersRequestTests.swift */ = {isa = PBXFileReference; fileEncoding = 4; lastKnownFileType = sourcecode.swift; path = GetUsersRequestTests.swift; sourceTree = "<group>"; };
		B843D18BFB7A2A9A7889514A /* Pods-MuuvChallengeAppTests.release.xcconfig */ = {isa = PBXFileReference; includeInIndex = 1; lastKnownFileType = text.xcconfig; name = "Pods-MuuvChallengeAppTests.release.xcconfig"; path = "Target Support Files/Pods-MuuvChallengeAppTests/Pods-MuuvChallengeAppTests.release.xcconfig"; sourceTree = "<group>"; };
		D74F792A1FCCF6DAF17CFA4A /* Pods-MuuvChallengeApp-MuuvChallengeAppUITests.release.xcconfig */ = {isa = PBXFileReference; includeInIndex = 1; lastKnownFileType = text.xcconfig; name = "Pods-MuuvChallengeApp-MuuvChallengeAppUITests.release.xcconfig"; path = "Target Support Files/Pods-MuuvChallengeApp-MuuvChallengeAppUITests/Pods-MuuvChallengeApp-MuuvChallengeAppUITests.release.xcconfig"; sourceTree = "<group>"; };
		DB5038BFF894A9491CAA6F86 /* Pods-MuuvChallengeApp-MuuvChallengeAppUITests.debug.xcconfig */ = {isa = PBXFileReference; includeInIndex = 1; lastKnownFileType = text.xcconfig; name = "Pods-MuuvChallengeApp-MuuvChallengeAppUITests.debug.xcconfig"; path = "Target Support Files/Pods-MuuvChallengeApp-MuuvChallengeAppUITests/Pods-MuuvChallengeApp-MuuvChallengeAppUITests.debug.xcconfig"; sourceTree = "<group>"; };
		DEDE4FE4C693E1CA166F37FB /* Pods_MuuvChallengeAppTests.framework */ = {isa = PBXFileReference; explicitFileType = wrapper.framework; includeInIndex = 0; path = Pods_MuuvChallengeAppTests.framework; sourceTree = BUILT_PRODUCTS_DIR; };
		E6E6F692A0FD6C111D25A40F /* Pods-MuuvChallengeApp.release.xcconfig */ = {isa = PBXFileReference; includeInIndex = 1; lastKnownFileType = text.xcconfig; name = "Pods-MuuvChallengeApp.release.xcconfig"; path = "Target Support Files/Pods-MuuvChallengeApp/Pods-MuuvChallengeApp.release.xcconfig"; sourceTree = "<group>"; };
/* End PBXFileReference section */

/* Begin PBXFrameworksBuildPhase section */
		B7BCDED02873486B00225F40 /* Frameworks */ = {
			isa = PBXFrameworksBuildPhase;
			buildActionMask = 2147483647;
			files = (
				CB2CED280E3B15D023FEAD37 /* Pods_MuuvChallengeApp.framework in Frameworks */,
			);
			runOnlyForDeploymentPostprocessing = 0;
		};
		B7BCDEE02873486D00225F40 /* Frameworks */ = {
			isa = PBXFrameworksBuildPhase;
			buildActionMask = 2147483647;
			files = (
				1383EC870A99E9B27A8CF121 /* Pods_MuuvChallengeAppTests.framework in Frameworks */,
			);
			runOnlyForDeploymentPostprocessing = 0;
		};
		B7BCDEEA2873486D00225F40 /* Frameworks */ = {
			isa = PBXFrameworksBuildPhase;
			buildActionMask = 2147483647;
			files = (
				4E8894CBF5C9726DC2CE625C /* Pods_MuuvChallengeApp_MuuvChallengeAppUITests.framework in Frameworks */,
			);
			runOnlyForDeploymentPostprocessing = 0;
		};
/* End PBXFrameworksBuildPhase section */

/* Begin PBXGroup section */
		B7B76E7628736411000C096F /* Infra */ = {
			isa = PBXGroup;
			children = (
				B7B76E7728736411000C096F /* RemoteClients */,
				B7B76E7F28736411000C096F /* Network */,
				B7B76E8228736411000C096F /* Request */,
			);
			path = Infra;
			sourceTree = "<group>";
		};
		B7B76E7728736411000C096F /* RemoteClients */ = {
			isa = PBXGroup;
			children = (
				B7B76E7D28736411000C096F /* RemoteGetUsersClient.swift */,
			);
			path = RemoteClients;
			sourceTree = "<group>";
		};
		B7B76E7F28736411000C096F /* Network */ = {
			isa = PBXGroup;
			children = (
				B7B76E8028736411000C096F /* NativeHTTPClient.swift */,
				B7B76E8128736411000C096F /* NetworkManager.swift */,
			);
			path = Network;
			sourceTree = "<group>";
		};
		B7B76E8228736411000C096F /* Request */ = {
			isa = PBXGroup;
			children = (
				B7B76E8628736411000C096F /* GetUsersRequest.swift */,
			);
			path = Request;
			sourceTree = "<group>";
		};
		B7B76EA12873666A000C096F /* Integration */ = {
			isa = PBXGroup;
			children = (
				B7B76EA22873667C000C096F /* RemoteGetUsersIntegrationTests.swift */,
			);
			path = Integration;
			sourceTree = "<group>";
		};
		B7B76EA428736C26000C096F /* Presenter */ = {
			isa = PBXGroup;
			children = (
				B7B76EA828738A40000C096F /* UserListViewModel.swift */,
			);
			path = Presenter;
			sourceTree = "<group>";
		};
		B7B76EA528736C33000C096F /* Presenter */ = {
			isa = PBXGroup;
			children = (
				B7B76EA628736C4F000C096F /* UserListViewModelTests.swift */,
			);
			path = Presenter;
			sourceTree = "<group>";
		};
		B7B76EAA28738ACC000C096F /* Commons */ = {
			isa = PBXGroup;
			children = (
				B7B76EAB28738AE2000C096F /* Array+Extensions.swift */,
			);
			path = Commons;
			sourceTree = "<group>";
		};
		B7BCDECA2873486B00225F40 = {
			isa = PBXGroup;
			children = (
				B7BCDED52873486B00225F40 /* MuuvChallengeApp */,
				B7BCDEE62873486D00225F40 /* MuuvChallengeAppTests */,
				B7BCDEF02873486D00225F40 /* MuuvChallengeAppUITests */,
				B7BCDED42873486B00225F40 /* Products */,
				CCC4198A02D98066E77666DA /* Pods */,
				F5A5BC12FB2812F42A668B64 /* Frameworks */,
			);
			sourceTree = "<group>";
		};
		B7BCDED42873486B00225F40 /* Products */ = {
			isa = PBXGroup;
			children = (
				B7BCDED32873486B00225F40 /* MuuvChallengeApp.app */,
				B7BCDEE32873486D00225F40 /* MuuvChallengeAppTests.xctest */,
				B7BCDEED2873486D00225F40 /* MuuvChallengeAppUITests.xctest */,
			);
			name = Products;
			sourceTree = "<group>";
		};
		B7BCDED52873486B00225F40 /* MuuvChallengeApp */ = {
			isa = PBXGroup;
			children = (
				B7B76EAA28738ACC000C096F /* Commons */,
				B7B76EA428736C26000C096F /* Presenter */,
				B7B76E7628736411000C096F /* Infra */,
				B7BCDF9E28734A1300225F40 /* Data */,
				B7BCDF6E28734A1300225F40 /* Domain */,
				B7BCDED62873486B00225F40 /* MuuvChallengeAppApp.swift */,
				B7BCDED82873486B00225F40 /* ContentView.swift */,
				B7BCDEDA2873486C00225F40 /* Assets.xcassets */,
				B7BCDEDC2873486C00225F40 /* Preview Content */,
			);
			path = MuuvChallengeApp;
			sourceTree = "<group>";
		};
		B7BCDEDC2873486C00225F40 /* Preview Content */ = {
			isa = PBXGroup;
			children = (
				B7BCDEDD2873486C00225F40 /* Preview Assets.xcassets */,
			);
			path = "Preview Content";
			sourceTree = "<group>";
		};
		B7BCDEE62873486D00225F40 /* MuuvChallengeAppTests */ = {
			isa = PBXGroup;
			children = (
				B7B76EA528736C33000C096F /* Presenter */,
				B7BCDF28287349FE00225F40 /* Data */,
				B7BCDF09287349FE00225F40 /* Domain */,
				B7BCDFF5287355F300225F40 /* Infra */,
				B7B76EA12873666A000C096F /* Integration */,
				B7BCDF3A287349FE00225F40 /* Mock */,
				B7BCDEE72873486D00225F40 /* MuuvChallengeAppTests.swift */,
			);
			path = MuuvChallengeAppTests;
			sourceTree = "<group>";
		};
		B7BCDEF02873486D00225F40 /* MuuvChallengeAppUITests */ = {
			isa = PBXGroup;
			children = (
				B7BCDEF12873486D00225F40 /* MuuvChallengeAppUITests.swift */,
				B7BCDEF32873486D00225F40 /* MuuvChallengeAppUITestsLaunchTests.swift */,
			);
			path = MuuvChallengeAppUITests;
			sourceTree = "<group>";
		};
		B7BCDF09287349FE00225F40 /* Domain */ = {
			isa = PBXGroup;
			children = (
				B7BCDF0E287349FE00225F40 /* Model */,
			);
			path = Domain;
			sourceTree = "<group>";
		};
		B7BCDF0E287349FE00225F40 /* Model */ = {
			isa = PBXGroup;
			children = (
				B7BCDF13287349FE00225F40 /* UsersTests.swift */,
			);
			path = Model;
			sourceTree = "<group>";
		};
		B7BCDF28287349FE00225F40 /* Data */ = {
			isa = PBXGroup;
			children = (
				B7BCDF29287349FE00225F40 /* Network */,
				B7BCDF2D287349FE00225F40 /* UseCase */,
			);
			path = Data;
			sourceTree = "<group>";
		};
		B7BCDF29287349FE00225F40 /* Network */ = {
			isa = PBXGroup;
			children = (
				B7BCDF2A287349FE00225F40 /* RequestTests.swift */,
				B7BCDF2B287349FE00225F40 /* HTTPMethodTests.swift */,
				B7BCDF2C287349FE00225F40 /* HTTPErrorTests.swift */,
			);
			path = Network;
			sourceTree = "<group>";
		};
		B7BCDF2D287349FE00225F40 /* UseCase */ = {
			isa = PBXGroup;
			children = (
				B7BCDF32287349FE00225F40 /* Remote */,
			);
			path = UseCase;
			sourceTree = "<group>";
		};
		B7BCDF32287349FE00225F40 /* Remote */ = {
			isa = PBXGroup;
			children = (
				B7BCDF36287349FE00225F40 /* RemoteGetUsersUseCaseTests.swift */,
			);
			path = Remote;
			sourceTree = "<group>";
		};
		B7BCDF3A287349FE00225F40 /* Mock */ = {
			isa = PBXGroup;
			children = (
				B7BCDFEF287355EA00225F40 /* Infra */,
				B7BCDF3F287349FE00225F40 /* Data */,
			);
			path = Mock;
			sourceTree = "<group>";
		};
		B7BCDF3F287349FE00225F40 /* Data */ = {
			isa = PBXGroup;
			children = (
				B7BCDF40287349FE00225F40 /* Network */,
				B7BCDF43287349FE00225F40 /* Mocks.swift */,
			);
			path = Data;
			sourceTree = "<group>";
		};
		B7BCDF40287349FE00225F40 /* Network */ = {
			isa = PBXGroup;
			children = (
				B7BCDF41287349FE00225F40 /* MockClients.swift */,
				B7BCDF42287349FE00225F40 /* MockHTTPClient.swift */,
			);
			path = Network;
			sourceTree = "<group>";
		};
		B7BCDF6E28734A1300225F40 /* Domain */ = {
			isa = PBXGroup;
			children = (
				B7BCDF6F28734A1300225F40 /* Utils */,
				B7BCDF7428734A1300225F40 /* Model */,
				B7BCDF7B28734A1300225F40 /* UseCase */,
				B7BCDF8628734A1300225F40 /* Error */,
			);
			path = Domain;
			sourceTree = "<group>";
		};
		B7BCDF6F28734A1300225F40 /* Utils */ = {
			isa = PBXGroup;
			children = (
				B7BCDF7028734A1300225F40 /* TypeAlias.swift */,
			);
			path = Utils;
			sourceTree = "<group>";
		};
		B7BCDF7428734A1300225F40 /* Model */ = {
			isa = PBXGroup;
			children = (
				B7BCDF7528734A1300225F40 /* Model.swift */,
				B7BCDFE528734BC000225F40 /* Users.swift */,
				B7BCDF7728734A1300225F40 /* User.swift */,
			);
			path = Model;
			sourceTree = "<group>";
		};
		B7BCDF7B28734A1300225F40 /* UseCase */ = {
			isa = PBXGroup;
			children = (
				B7BCDF7C28734A1300225F40 /* GetUsersUseCase.swift */,
			);
			path = UseCase;
			sourceTree = "<group>";
		};
		B7BCDF8628734A1300225F40 /* Error */ = {
			isa = PBXGroup;
			children = (
				B7BCDFA228734A1300225F40 /* HTTPError.swift */,
				B7BCDF8728734A1300225F40 /* DomainError.swift */,
			);
			path = Error;
			sourceTree = "<group>";
		};
		B7BCDF9E28734A1300225F40 /* Data */ = {
			isa = PBXGroup;
			children = (
				B7BCDF9F28734A1300225F40 /* Network */,
				B7BCDFA428734A1300225F40 /* UseCase */,
			);
			path = Data;
			sourceTree = "<group>";
		};
		B7BCDF9F28734A1300225F40 /* Network */ = {
			isa = PBXGroup;
			children = (
				B7BCDFA028734A1300225F40 /* HTTPMethod.swift */,
				B7BCDFA128734A1300225F40 /* HTTPClient.swift */,
				B7BCDFA328734A1300225F40 /* Request.swift */,
			);
			path = Network;
			sourceTree = "<group>";
		};
		B7BCDFA428734A1300225F40 /* UseCase */ = {
			isa = PBXGroup;
			children = (
				B7BCDFA928734A1300225F40 /* Remote */,
			);
			path = UseCase;
			sourceTree = "<group>";
		};
		B7BCDFA928734A1300225F40 /* Remote */ = {
			isa = PBXGroup;
			children = (
				B7BCDFAD28734A1300225F40 /* RemoteGetUsersUseCase.swift */,
			);
			path = Remote;
			sourceTree = "<group>";
		};
		B7BCDFEF287355EA00225F40 /* Infra */ = {
			isa = PBXGroup;
			children = (
				B7BCDFF0287355EA00225F40 /* Network */,
			);
			path = Infra;
			sourceTree = "<group>";
		};
		B7BCDFF0287355EA00225F40 /* Network */ = {
			isa = PBXGroup;
			children = (
				B7BCDFF1287355EA00225F40 /* MockURLProtocol.swift */,
				B7BCDFF2287355EA00225F40 /* URLRequestExtension.swift */,
			);
			path = Network;
			sourceTree = "<group>";
		};
		B7BCDFF5287355F300225F40 /* Infra */ = {
			isa = PBXGroup;
			children = (
				B7BCDFF6287355F300225F40 /* Remote Clients */,
				B7BCDFFE287355F300225F40 /* Network */,
				B7BCE000287355F300225F40 /* Request */,
			);
			path = Infra;
			sourceTree = "<group>";
		};
		B7BCDFF6287355F300225F40 /* Remote Clients */ = {
			isa = PBXGroup;
			children = (
				B7BCDFFD287355F300225F40 /* RemoteGetUsersClientTests.swift */,
			);
			path = "Remote Clients";
			sourceTree = "<group>";
		};
		B7BCDFFE287355F300225F40 /* Network */ = {
			isa = PBXGroup;
			children = (
				B7BCDFFF287355F300225F40 /* NativeHTTPClientTests.swift */,
			);
			path = Network;
			sourceTree = "<group>";
		};
		B7BCE000287355F300225F40 /* Request */ = {
			isa = PBXGroup;
			children = (
				B7BCE005287355F300225F40 /* GetUsersRequestTests.swift */,
			);
			path = Request;
			sourceTree = "<group>";
		};
		CCC4198A02D98066E77666DA /* Pods */ = {
			isa = PBXGroup;
			children = (
				A5C4DD494058242D4D0D110C /* Pods-MuuvChallengeApp.debug.xcconfig */,
				E6E6F692A0FD6C111D25A40F /* Pods-MuuvChallengeApp.release.xcconfig */,
				DB5038BFF894A9491CAA6F86 /* Pods-MuuvChallengeApp-MuuvChallengeAppUITests.debug.xcconfig */,
				D74F792A1FCCF6DAF17CFA4A /* Pods-MuuvChallengeApp-MuuvChallengeAppUITests.release.xcconfig */,
				4C8F2D0A9B604B6252795EE5 /* Pods-MuuvChallengeAppTests.debug.xcconfig */,
				B843D18BFB7A2A9A7889514A /* Pods-MuuvChallengeAppTests.release.xcconfig */,
			);
			path = Pods;
			sourceTree = "<group>";
		};
		F5A5BC12FB2812F42A668B64 /* Frameworks */ = {
			isa = PBXGroup;
			children = (
				A30F39FF5108A78E9FA74D21 /* Pods_MuuvChallengeApp.framework */,
				6E96A160E9900BB52FB44A60 /* Pods_MuuvChallengeApp_MuuvChallengeAppUITests.framework */,
				DEDE4FE4C693E1CA166F37FB /* Pods_MuuvChallengeAppTests.framework */,
			);
			name = Frameworks;
			sourceTree = "<group>";
		};
/* End PBXGroup section */

/* Begin PBXNativeTarget section */
		B7BCDED22873486B00225F40 /* MuuvChallengeApp */ = {
			isa = PBXNativeTarget;
			buildConfigurationList = B7BCDEF72873486D00225F40 /* Build configuration list for PBXNativeTarget "MuuvChallengeApp" */;
			buildPhases = (
				25E0BE830843635B41290F1B /* [CP] Check Pods Manifest.lock */,
				B7BCDECF2873486B00225F40 /* Sources */,
				B7BCDED02873486B00225F40 /* Frameworks */,
				B7BCDED12873486B00225F40 /* Resources */,
				B7BCDF002873497300225F40 /* SwiftLint */,
			);
			buildRules = (
			);
			dependencies = (
			);
			name = MuuvChallengeApp;
			productName = MuuvChallengeApp;
			productReference = B7BCDED32873486B00225F40 /* MuuvChallengeApp.app */;
			productType = "com.apple.product-type.application";
		};
		B7BCDEE22873486D00225F40 /* MuuvChallengeAppTests */ = {
			isa = PBXNativeTarget;
			buildConfigurationList = B7BCDEFA2873486D00225F40 /* Build configuration list for PBXNativeTarget "MuuvChallengeAppTests" */;
			buildPhases = (
				63164CB192F47E8DE28B3175 /* [CP] Check Pods Manifest.lock */,
				B7BCDEDF2873486D00225F40 /* Sources */,
				B7BCDEE02873486D00225F40 /* Frameworks */,
				B7BCDEE12873486D00225F40 /* Resources */,
			);
			buildRules = (
			);
			dependencies = (
				B7BCDEE52873486D00225F40 /* PBXTargetDependency */,
			);
			name = MuuvChallengeAppTests;
			productName = MuuvChallengeAppTests;
			productReference = B7BCDEE32873486D00225F40 /* MuuvChallengeAppTests.xctest */;
			productType = "com.apple.product-type.bundle.unit-test";
		};
		B7BCDEEC2873486D00225F40 /* MuuvChallengeAppUITests */ = {
			isa = PBXNativeTarget;
			buildConfigurationList = B7BCDEFD2873486D00225F40 /* Build configuration list for PBXNativeTarget "MuuvChallengeAppUITests" */;
			buildPhases = (
				2538842017B185D44CCC7E71 /* [CP] Check Pods Manifest.lock */,
				B7BCDEE92873486D00225F40 /* Sources */,
				B7BCDEEA2873486D00225F40 /* Frameworks */,
				B7BCDEEB2873486D00225F40 /* Resources */,
			);
			buildRules = (
			);
			dependencies = (
				B7BCDEEF2873486D00225F40 /* PBXTargetDependency */,
			);
			name = MuuvChallengeAppUITests;
			productName = MuuvChallengeAppUITests;
			productReference = B7BCDEED2873486D00225F40 /* MuuvChallengeAppUITests.xctest */;
			productType = "com.apple.product-type.bundle.ui-testing";
		};
/* End PBXNativeTarget section */

/* Begin PBXProject section */
		B7BCDECB2873486B00225F40 /* Project object */ = {
			isa = PBXProject;
			attributes = {
				BuildIndependentTargetsInParallel = 1;
				LastSwiftUpdateCheck = 1340;
				LastUpgradeCheck = 1340;
				TargetAttributes = {
					B7BCDED22873486B00225F40 = {
						CreatedOnToolsVersion = 13.4.1;
					};
					B7BCDEE22873486D00225F40 = {
						CreatedOnToolsVersion = 13.4.1;
						TestTargetID = B7BCDED22873486B00225F40;
					};
					B7BCDEEC2873486D00225F40 = {
						CreatedOnToolsVersion = 13.4.1;
						TestTargetID = B7BCDED22873486B00225F40;
					};
				};
			};
			buildConfigurationList = B7BCDECE2873486B00225F40 /* Build configuration list for PBXProject "MuuvChallengeApp" */;
			compatibilityVersion = "Xcode 13.0";
			developmentRegion = en;
			hasScannedForEncodings = 0;
			knownRegions = (
				en,
				Base,
			);
			mainGroup = B7BCDECA2873486B00225F40;
			productRefGroup = B7BCDED42873486B00225F40 /* Products */;
			projectDirPath = "";
			projectRoot = "";
			targets = (
				B7BCDED22873486B00225F40 /* MuuvChallengeApp */,
				B7BCDEE22873486D00225F40 /* MuuvChallengeAppTests */,
				B7BCDEEC2873486D00225F40 /* MuuvChallengeAppUITests */,
			);
		};
/* End PBXProject section */

/* Begin PBXResourcesBuildPhase section */
		B7BCDED12873486B00225F40 /* Resources */ = {
			isa = PBXResourcesBuildPhase;
			buildActionMask = 2147483647;
			files = (
				B7BCDEDE2873486C00225F40 /* Preview Assets.xcassets in Resources */,
				B7BCDEDB2873486C00225F40 /* Assets.xcassets in Resources */,
			);
			runOnlyForDeploymentPostprocessing = 0;
		};
		B7BCDEE12873486D00225F40 /* Resources */ = {
			isa = PBXResourcesBuildPhase;
			buildActionMask = 2147483647;
			files = (
			);
			runOnlyForDeploymentPostprocessing = 0;
		};
		B7BCDEEB2873486D00225F40 /* Resources */ = {
			isa = PBXResourcesBuildPhase;
			buildActionMask = 2147483647;
			files = (
			);
			runOnlyForDeploymentPostprocessing = 0;
		};
/* End PBXResourcesBuildPhase section */

/* Begin PBXShellScriptBuildPhase section */
		2538842017B185D44CCC7E71 /* [CP] Check Pods Manifest.lock */ = {
			isa = PBXShellScriptBuildPhase;
			buildActionMask = 2147483647;
			files = (
			);
			inputFileListPaths = (
			);
			inputPaths = (
				"${PODS_PODFILE_DIR_PATH}/Podfile.lock",
				"${PODS_ROOT}/Manifest.lock",
			);
			name = "[CP] Check Pods Manifest.lock";
			outputFileListPaths = (
			);
			outputPaths = (
				"$(DERIVED_FILE_DIR)/Pods-MuuvChallengeApp-MuuvChallengeAppUITests-checkManifestLockResult.txt",
			);
			runOnlyForDeploymentPostprocessing = 0;
			shellPath = /bin/sh;
			shellScript = "diff \"${PODS_PODFILE_DIR_PATH}/Podfile.lock\" \"${PODS_ROOT}/Manifest.lock\" > /dev/null\nif [ $? != 0 ] ; then\n    # print error to STDERR\n    echo \"error: The sandbox is not in sync with the Podfile.lock. Run 'pod install' or update your CocoaPods installation.\" >&2\n    exit 1\nfi\n# This output is used by Xcode 'outputs' to avoid re-running this script phase.\necho \"SUCCESS\" > \"${SCRIPT_OUTPUT_FILE_0}\"\n";
			showEnvVarsInLog = 0;
		};
		25E0BE830843635B41290F1B /* [CP] Check Pods Manifest.lock */ = {
			isa = PBXShellScriptBuildPhase;
			buildActionMask = 2147483647;
			files = (
			);
			inputFileListPaths = (
			);
			inputPaths = (
				"${PODS_PODFILE_DIR_PATH}/Podfile.lock",
				"${PODS_ROOT}/Manifest.lock",
			);
			name = "[CP] Check Pods Manifest.lock";
			outputFileListPaths = (
			);
			outputPaths = (
				"$(DERIVED_FILE_DIR)/Pods-MuuvChallengeApp-checkManifestLockResult.txt",
			);
			runOnlyForDeploymentPostprocessing = 0;
			shellPath = /bin/sh;
			shellScript = "diff \"${PODS_PODFILE_DIR_PATH}/Podfile.lock\" \"${PODS_ROOT}/Manifest.lock\" > /dev/null\nif [ $? != 0 ] ; then\n    # print error to STDERR\n    echo \"error: The sandbox is not in sync with the Podfile.lock. Run 'pod install' or update your CocoaPods installation.\" >&2\n    exit 1\nfi\n# This output is used by Xcode 'outputs' to avoid re-running this script phase.\necho \"SUCCESS\" > \"${SCRIPT_OUTPUT_FILE_0}\"\n";
			showEnvVarsInLog = 0;
		};
		63164CB192F47E8DE28B3175 /* [CP] Check Pods Manifest.lock */ = {
			isa = PBXShellScriptBuildPhase;
			buildActionMask = 2147483647;
			files = (
			);
			inputFileListPaths = (
			);
			inputPaths = (
				"${PODS_PODFILE_DIR_PATH}/Podfile.lock",
				"${PODS_ROOT}/Manifest.lock",
			);
			name = "[CP] Check Pods Manifest.lock";
			outputFileListPaths = (
			);
			outputPaths = (
				"$(DERIVED_FILE_DIR)/Pods-MuuvChallengeAppTests-checkManifestLockResult.txt",
			);
			runOnlyForDeploymentPostprocessing = 0;
			shellPath = /bin/sh;
			shellScript = "diff \"${PODS_PODFILE_DIR_PATH}/Podfile.lock\" \"${PODS_ROOT}/Manifest.lock\" > /dev/null\nif [ $? != 0 ] ; then\n    # print error to STDERR\n    echo \"error: The sandbox is not in sync with the Podfile.lock. Run 'pod install' or update your CocoaPods installation.\" >&2\n    exit 1\nfi\n# This output is used by Xcode 'outputs' to avoid re-running this script phase.\necho \"SUCCESS\" > \"${SCRIPT_OUTPUT_FILE_0}\"\n";
			showEnvVarsInLog = 0;
		};
		B7BCDF002873497300225F40 /* SwiftLint */ = {
			isa = PBXShellScriptBuildPhase;
			buildActionMask = 2147483647;
			files = (
			);
			inputFileListPaths = (
			);
			inputPaths = (
			);
			name = SwiftLint;
			outputFileListPaths = (
			);
			outputPaths = (
			);
			runOnlyForDeploymentPostprocessing = 0;
			shellPath = /bin/sh;
			shellScript = "\"${PODS_ROOT}/SwiftLint/swiftlint\"\n";
		};
/* End PBXShellScriptBuildPhase section */

/* Begin PBXSourcesBuildPhase section */
		B7BCDECF2873486B00225F40 /* Sources */ = {
			isa = PBXSourcesBuildPhase;
			buildActionMask = 2147483647;
			files = (
				B7BCDFD928734A1300225F40 /* HTTPError.swift in Sources */,
				B7B76E9328736411000C096F /* NativeHTTPClient.swift in Sources */,
				B7BCDFD728734A1300225F40 /* HTTPMethod.swift in Sources */,
				B7BCDFB528734A1300225F40 /* Model.swift in Sources */,
				B7B76E9428736411000C096F /* NetworkManager.swift in Sources */,
				B7BCDFBB28734A1300225F40 /* GetUsersUseCase.swift in Sources */,
				B7BCDFE628734BC000225F40 /* Users.swift in Sources */,
				B7BCDFB128734A1300225F40 /* TypeAlias.swift in Sources */,
				B7BCDFB728734A1300225F40 /* User.swift in Sources */,
				B7BCDFE128734A1300225F40 /* RemoteGetUsersUseCase.swift in Sources */,
				B7BCDED92873486B00225F40 /* ContentView.swift in Sources */,
				B7BCDFDA28734A1300225F40 /* Request.swift in Sources */,
				B7B76E9128736411000C096F /* RemoteGetUsersClient.swift in Sources */,
				B7B76EA928738A40000C096F /* UserListViewModel.swift in Sources */,
				B7BCDED72873486B00225F40 /* MuuvChallengeAppApp.swift in Sources */,
				B7BCDFD828734A1300225F40 /* HTTPClient.swift in Sources */,
				B7B76E9828736411000C096F /* GetUsersRequest.swift in Sources */,
				B7BCDFC528734A1300225F40 /* DomainError.swift in Sources */,
				B7B76EAC28738AE2000C096F /* Array+Extensions.swift in Sources */,
			);
			runOnlyForDeploymentPostprocessing = 0;
		};
		B7BCDEDF2873486D00225F40 /* Sources */ = {
			isa = PBXSourcesBuildPhase;
			buildActionMask = 2147483647;
			files = (
				B7B76EA32873667C000C096F /* RemoteGetUsersIntegrationTests.swift in Sources */,
				B7B76EA728736C4F000C096F /* UserListViewModelTests.swift in Sources */,
				B7BCDF6C287349FE00225F40 /* MockHTTPClient.swift in Sources */,
				B7BCDF5D287349FE00225F40 /* HTTPMethodTests.swift in Sources */,
				B7BCDF6B287349FE00225F40 /* MockClients.swift in Sources */,
				B7BCE00F287355F300225F40 /* NativeHTTPClientTests.swift in Sources */,
				B7BCDF5E287349FE00225F40 /* HTTPErrorTests.swift in Sources */,
				B7BCDF6D287349FE00225F40 /* Mocks.swift in Sources */,
				B7BCDF65287349FE00225F40 /* RemoteGetUsersUseCaseTests.swift in Sources */,
				B7BCE014287355F300225F40 /* GetUsersRequestTests.swift in Sources */,
				B7BCDF4B287349FE00225F40 /* UsersTests.swift in Sources */,
				B7BCDFF3287355EA00225F40 /* MockURLProtocol.swift in Sources */,
				B7BCDEE82873486D00225F40 /* MuuvChallengeAppTests.swift in Sources */,
				B7BCDFF4287355EA00225F40 /* URLRequestExtension.swift in Sources */,
				B7BCDF5C287349FE00225F40 /* RequestTests.swift in Sources */,
				B7BCE00E287355F300225F40 /* RemoteGetUsersClientTests.swift in Sources */,
			);
			runOnlyForDeploymentPostprocessing = 0;
		};
		B7BCDEE92873486D00225F40 /* Sources */ = {
			isa = PBXSourcesBuildPhase;
			buildActionMask = 2147483647;
			files = (
				B7BCDEF22873486D00225F40 /* MuuvChallengeAppUITests.swift in Sources */,
				B7BCDEF42873486D00225F40 /* MuuvChallengeAppUITestsLaunchTests.swift in Sources */,
			);
			runOnlyForDeploymentPostprocessing = 0;
		};
/* End PBXSourcesBuildPhase section */

/* Begin PBXTargetDependency section */
		B7BCDEE52873486D00225F40 /* PBXTargetDependency */ = {
			isa = PBXTargetDependency;
			target = B7BCDED22873486B00225F40 /* MuuvChallengeApp */;
			targetProxy = B7BCDEE42873486D00225F40 /* PBXContainerItemProxy */;
		};
		B7BCDEEF2873486D00225F40 /* PBXTargetDependency */ = {
			isa = PBXTargetDependency;
			target = B7BCDED22873486B00225F40 /* MuuvChallengeApp */;
			targetProxy = B7BCDEEE2873486D00225F40 /* PBXContainerItemProxy */;
		};
/* End PBXTargetDependency section */

/* Begin XCBuildConfiguration section */
		B7BCDEF52873486D00225F40 /* Debug */ = {
			isa = XCBuildConfiguration;
			buildSettings = {
				ALWAYS_SEARCH_USER_PATHS = NO;
				CLANG_ANALYZER_NONNULL = YES;
				CLANG_ANALYZER_NUMBER_OBJECT_CONVERSION = YES_AGGRESSIVE;
				CLANG_CXX_LANGUAGE_STANDARD = "gnu++17";
				CLANG_ENABLE_MODULES = YES;
				CLANG_ENABLE_OBJC_ARC = YES;
				CLANG_ENABLE_OBJC_WEAK = YES;
				CLANG_WARN_BLOCK_CAPTURE_AUTORELEASING = YES;
				CLANG_WARN_BOOL_CONVERSION = YES;
				CLANG_WARN_COMMA = YES;
				CLANG_WARN_CONSTANT_CONVERSION = YES;
				CLANG_WARN_DEPRECATED_OBJC_IMPLEMENTATIONS = YES;
				CLANG_WARN_DIRECT_OBJC_ISA_USAGE = YES_ERROR;
				CLANG_WARN_DOCUMENTATION_COMMENTS = YES;
				CLANG_WARN_EMPTY_BODY = YES;
				CLANG_WARN_ENUM_CONVERSION = YES;
				CLANG_WARN_INFINITE_RECURSION = YES;
				CLANG_WARN_INT_CONVERSION = YES;
				CLANG_WARN_NON_LITERAL_NULL_CONVERSION = YES;
				CLANG_WARN_OBJC_IMPLICIT_RETAIN_SELF = YES;
				CLANG_WARN_OBJC_LITERAL_CONVERSION = YES;
				CLANG_WARN_OBJC_ROOT_CLASS = YES_ERROR;
				CLANG_WARN_QUOTED_INCLUDE_IN_FRAMEWORK_HEADER = YES;
				CLANG_WARN_RANGE_LOOP_ANALYSIS = YES;
				CLANG_WARN_STRICT_PROTOTYPES = YES;
				CLANG_WARN_SUSPICIOUS_MOVE = YES;
				CLANG_WARN_UNGUARDED_AVAILABILITY = YES_AGGRESSIVE;
				CLANG_WARN_UNREACHABLE_CODE = YES;
				CLANG_WARN__DUPLICATE_METHOD_MATCH = YES;
				COPY_PHASE_STRIP = NO;
				DEBUG_INFORMATION_FORMAT = dwarf;
				ENABLE_STRICT_OBJC_MSGSEND = YES;
				ENABLE_TESTABILITY = YES;
				GCC_C_LANGUAGE_STANDARD = gnu11;
				GCC_DYNAMIC_NO_PIC = NO;
				GCC_NO_COMMON_BLOCKS = YES;
				GCC_OPTIMIZATION_LEVEL = 0;
				GCC_PREPROCESSOR_DEFINITIONS = (
					"DEBUG=1",
					"$(inherited)",
				);
				GCC_WARN_64_TO_32_BIT_CONVERSION = YES;
				GCC_WARN_ABOUT_RETURN_TYPE = YES_ERROR;
				GCC_WARN_UNDECLARED_SELECTOR = YES;
				GCC_WARN_UNINITIALIZED_AUTOS = YES_AGGRESSIVE;
				GCC_WARN_UNUSED_FUNCTION = YES;
				GCC_WARN_UNUSED_VARIABLE = YES;
				IPHONEOS_DEPLOYMENT_TARGET = 15.5;
				MTL_ENABLE_DEBUG_INFO = INCLUDE_SOURCE;
				MTL_FAST_MATH = YES;
				ONLY_ACTIVE_ARCH = YES;
				SDKROOT = iphoneos;
				SWIFT_ACTIVE_COMPILATION_CONDITIONS = DEBUG;
				SWIFT_OPTIMIZATION_LEVEL = "-Onone";
			};
			name = Debug;
		};
		B7BCDEF62873486D00225F40 /* Release */ = {
			isa = XCBuildConfiguration;
			buildSettings = {
				ALWAYS_SEARCH_USER_PATHS = NO;
				CLANG_ANALYZER_NONNULL = YES;
				CLANG_ANALYZER_NUMBER_OBJECT_CONVERSION = YES_AGGRESSIVE;
				CLANG_CXX_LANGUAGE_STANDARD = "gnu++17";
				CLANG_ENABLE_MODULES = YES;
				CLANG_ENABLE_OBJC_ARC = YES;
				CLANG_ENABLE_OBJC_WEAK = YES;
				CLANG_WARN_BLOCK_CAPTURE_AUTORELEASING = YES;
				CLANG_WARN_BOOL_CONVERSION = YES;
				CLANG_WARN_COMMA = YES;
				CLANG_WARN_CONSTANT_CONVERSION = YES;
				CLANG_WARN_DEPRECATED_OBJC_IMPLEMENTATIONS = YES;
				CLANG_WARN_DIRECT_OBJC_ISA_USAGE = YES_ERROR;
				CLANG_WARN_DOCUMENTATION_COMMENTS = YES;
				CLANG_WARN_EMPTY_BODY = YES;
				CLANG_WARN_ENUM_CONVERSION = YES;
				CLANG_WARN_INFINITE_RECURSION = YES;
				CLANG_WARN_INT_CONVERSION = YES;
				CLANG_WARN_NON_LITERAL_NULL_CONVERSION = YES;
				CLANG_WARN_OBJC_IMPLICIT_RETAIN_SELF = YES;
				CLANG_WARN_OBJC_LITERAL_CONVERSION = YES;
				CLANG_WARN_OBJC_ROOT_CLASS = YES_ERROR;
				CLANG_WARN_QUOTED_INCLUDE_IN_FRAMEWORK_HEADER = YES;
				CLANG_WARN_RANGE_LOOP_ANALYSIS = YES;
				CLANG_WARN_STRICT_PROTOTYPES = YES;
				CLANG_WARN_SUSPICIOUS_MOVE = YES;
				CLANG_WARN_UNGUARDED_AVAILABILITY = YES_AGGRESSIVE;
				CLANG_WARN_UNREACHABLE_CODE = YES;
				CLANG_WARN__DUPLICATE_METHOD_MATCH = YES;
				COPY_PHASE_STRIP = NO;
				DEBUG_INFORMATION_FORMAT = "dwarf-with-dsym";
				ENABLE_NS_ASSERTIONS = NO;
				ENABLE_STRICT_OBJC_MSGSEND = YES;
				GCC_C_LANGUAGE_STANDARD = gnu11;
				GCC_NO_COMMON_BLOCKS = YES;
				GCC_WARN_64_TO_32_BIT_CONVERSION = YES;
				GCC_WARN_ABOUT_RETURN_TYPE = YES_ERROR;
				GCC_WARN_UNDECLARED_SELECTOR = YES;
				GCC_WARN_UNINITIALIZED_AUTOS = YES_AGGRESSIVE;
				GCC_WARN_UNUSED_FUNCTION = YES;
				GCC_WARN_UNUSED_VARIABLE = YES;
				IPHONEOS_DEPLOYMENT_TARGET = 15.5;
				MTL_ENABLE_DEBUG_INFO = NO;
				MTL_FAST_MATH = YES;
				SDKROOT = iphoneos;
				SWIFT_COMPILATION_MODE = wholemodule;
				SWIFT_OPTIMIZATION_LEVEL = "-O";
				VALIDATE_PRODUCT = YES;
			};
			name = Release;
		};
		B7BCDEF82873486D00225F40 /* Debug */ = {
			isa = XCBuildConfiguration;
			baseConfigurationReference = A5C4DD494058242D4D0D110C /* Pods-MuuvChallengeApp.debug.xcconfig */;
			buildSettings = {
				ASSETCATALOG_COMPILER_APPICON_NAME = AppIcon;
				ASSETCATALOG_COMPILER_GLOBAL_ACCENT_COLOR_NAME = AccentColor;
				CODE_SIGN_STYLE = Automatic;
				CURRENT_PROJECT_VERSION = 1;
				DEVELOPMENT_ASSET_PATHS = "\"MuuvChallengeApp/Preview Content\"";
				DEVELOPMENT_TEAM = 66KNLMFJQ2;
				ENABLE_PREVIEWS = YES;
				GENERATE_INFOPLIST_FILE = YES;
				INFOPLIST_KEY_UIApplicationSceneManifest_Generation = YES;
				INFOPLIST_KEY_UIApplicationSupportsIndirectInputEvents = YES;
				INFOPLIST_KEY_UILaunchScreen_Generation = YES;
				INFOPLIST_KEY_UISupportedInterfaceOrientations_iPad = "UIInterfaceOrientationPortrait UIInterfaceOrientationPortraitUpsideDown UIInterfaceOrientationLandscapeLeft UIInterfaceOrientationLandscapeRight";
				INFOPLIST_KEY_UISupportedInterfaceOrientations_iPhone = "UIInterfaceOrientationPortrait UIInterfaceOrientationLandscapeLeft UIInterfaceOrientationLandscapeRight";
				LD_RUNPATH_SEARCH_PATHS = (
					"$(inherited)",
					"@executable_path/Frameworks",
				);
				MARKETING_VERSION = 1.0;
				PRODUCT_BUNDLE_IDENTIFIER = com.notorious.MuuvChallengeApp;
				PRODUCT_NAME = "$(TARGET_NAME)";
				SWIFT_EMIT_LOC_STRINGS = YES;
				SWIFT_VERSION = 5.0;
				TARGETED_DEVICE_FAMILY = "1,2";
			};
			name = Debug;
		};
		B7BCDEF92873486D00225F40 /* Release */ = {
			isa = XCBuildConfiguration;
			baseConfigurationReference = E6E6F692A0FD6C111D25A40F /* Pods-MuuvChallengeApp.release.xcconfig */;
			buildSettings = {
				ASSETCATALOG_COMPILER_APPICON_NAME = AppIcon;
				ASSETCATALOG_COMPILER_GLOBAL_ACCENT_COLOR_NAME = AccentColor;
				CODE_SIGN_STYLE = Automatic;
				CURRENT_PROJECT_VERSION = 1;
				DEVELOPMENT_ASSET_PATHS = "\"MuuvChallengeApp/Preview Content\"";
				DEVELOPMENT_TEAM = 66KNLMFJQ2;
				ENABLE_PREVIEWS = YES;
				GENERATE_INFOPLIST_FILE = YES;
				INFOPLIST_KEY_UIApplicationSceneManifest_Generation = YES;
				INFOPLIST_KEY_UIApplicationSupportsIndirectInputEvents = YES;
				INFOPLIST_KEY_UILaunchScreen_Generation = YES;
				INFOPLIST_KEY_UISupportedInterfaceOrientations_iPad = "UIInterfaceOrientationPortrait UIInterfaceOrientationPortraitUpsideDown UIInterfaceOrientationLandscapeLeft UIInterfaceOrientationLandscapeRight";
				INFOPLIST_KEY_UISupportedInterfaceOrientations_iPhone = "UIInterfaceOrientationPortrait UIInterfaceOrientationLandscapeLeft UIInterfaceOrientationLandscapeRight";
				LD_RUNPATH_SEARCH_PATHS = (
					"$(inherited)",
					"@executable_path/Frameworks",
				);
				MARKETING_VERSION = 1.0;
				PRODUCT_BUNDLE_IDENTIFIER = com.notorious.MuuvChallengeApp;
				PRODUCT_NAME = "$(TARGET_NAME)";
				SWIFT_EMIT_LOC_STRINGS = YES;
				SWIFT_VERSION = 5.0;
				TARGETED_DEVICE_FAMILY = "1,2";
			};
			name = Release;
		};
		B7BCDEFB2873486D00225F40 /* Debug */ = {
			isa = XCBuildConfiguration;
			baseConfigurationReference = 4C8F2D0A9B604B6252795EE5 /* Pods-MuuvChallengeAppTests.debug.xcconfig */;
			buildSettings = {
				ALWAYS_EMBED_SWIFT_STANDARD_LIBRARIES = YES;
				BUNDLE_LOADER = "$(TEST_HOST)";
				CODE_SIGN_STYLE = Automatic;
				CURRENT_PROJECT_VERSION = 1;
				DEVELOPMENT_TEAM = 66KNLMFJQ2;
				GENERATE_INFOPLIST_FILE = YES;
				IPHONEOS_DEPLOYMENT_TARGET = 15.5;
				MARKETING_VERSION = 1.0;
				PRODUCT_BUNDLE_IDENTIFIER = com.notorious.MuuvChallengeAppTests;
				PRODUCT_NAME = "$(TARGET_NAME)";
				SWIFT_EMIT_LOC_STRINGS = NO;
				SWIFT_VERSION = 5.0;
				TARGETED_DEVICE_FAMILY = "1,2";
				TEST_HOST = "$(BUILT_PRODUCTS_DIR)/MuuvChallengeApp.app/MuuvChallengeApp";
			};
			name = Debug;
		};
		B7BCDEFC2873486D00225F40 /* Release */ = {
			isa = XCBuildConfiguration;
			baseConfigurationReference = B843D18BFB7A2A9A7889514A /* Pods-MuuvChallengeAppTests.release.xcconfig */;
			buildSettings = {
				ALWAYS_EMBED_SWIFT_STANDARD_LIBRARIES = YES;
				BUNDLE_LOADER = "$(TEST_HOST)";
				CODE_SIGN_STYLE = Automatic;
				CURRENT_PROJECT_VERSION = 1;
				DEVELOPMENT_TEAM = 66KNLMFJQ2;
				GENERATE_INFOPLIST_FILE = YES;
				IPHONEOS_DEPLOYMENT_TARGET = 15.5;
				MARKETING_VERSION = 1.0;
				PRODUCT_BUNDLE_IDENTIFIER = com.notorious.MuuvChallengeAppTests;
				PRODUCT_NAME = "$(TARGET_NAME)";
				SWIFT_EMIT_LOC_STRINGS = NO;
				SWIFT_VERSION = 5.0;
				TARGETED_DEVICE_FAMILY = "1,2";
				TEST_HOST = "$(BUILT_PRODUCTS_DIR)/MuuvChallengeApp.app/MuuvChallengeApp";
			};
			name = Release;
		};
		B7BCDEFE2873486D00225F40 /* Debug */ = {
			isa = XCBuildConfiguration;
			baseConfigurationReference = DB5038BFF894A9491CAA6F86 /* Pods-MuuvChallengeApp-MuuvChallengeAppUITests.debug.xcconfig */;
			buildSettings = {
				ALWAYS_EMBED_SWIFT_STANDARD_LIBRARIES = YES;
				CODE_SIGN_STYLE = Automatic;
				CURRENT_PROJECT_VERSION = 1;
				DEVELOPMENT_TEAM = 66KNLMFJQ2;
				GENERATE_INFOPLIST_FILE = YES;
				MARKETING_VERSION = 1.0;
				PRODUCT_BUNDLE_IDENTIFIER = com.notorious.MuuvChallengeAppUITests;
				PRODUCT_NAME = "$(TARGET_NAME)";
				SWIFT_EMIT_LOC_STRINGS = NO;
				SWIFT_VERSION = 5.0;
				TARGETED_DEVICE_FAMILY = "1,2";
				TEST_TARGET_NAME = MuuvChallengeApp;
			};
			name = Debug;
		};
		B7BCDEFF2873486D00225F40 /* Release */ = {
			isa = XCBuildConfiguration;
			baseConfigurationReference = D74F792A1FCCF6DAF17CFA4A /* Pods-MuuvChallengeApp-MuuvChallengeAppUITests.release.xcconfig */;
			buildSettings = {
				ALWAYS_EMBED_SWIFT_STANDARD_LIBRARIES = YES;
				CODE_SIGN_STYLE = Automatic;
				CURRENT_PROJECT_VERSION = 1;
				DEVELOPMENT_TEAM = 66KNLMFJQ2;
				GENERATE_INFOPLIST_FILE = YES;
				MARKETING_VERSION = 1.0;
				PRODUCT_BUNDLE_IDENTIFIER = com.notorious.MuuvChallengeAppUITests;
				PRODUCT_NAME = "$(TARGET_NAME)";
				SWIFT_EMIT_LOC_STRINGS = NO;
				SWIFT_VERSION = 5.0;
				TARGETED_DEVICE_FAMILY = "1,2";
				TEST_TARGET_NAME = MuuvChallengeApp;
			};
			name = Release;
		};
/* End XCBuildConfiguration section */

/* Begin XCConfigurationList section */
		B7BCDECE2873486B00225F40 /* Build configuration list for PBXProject "MuuvChallengeApp" */ = {
			isa = XCConfigurationList;
			buildConfigurations = (
				B7BCDEF52873486D00225F40 /* Debug */,
				B7BCDEF62873486D00225F40 /* Release */,
			);
			defaultConfigurationIsVisible = 0;
			defaultConfigurationName = Release;
		};
		B7BCDEF72873486D00225F40 /* Build configuration list for PBXNativeTarget "MuuvChallengeApp" */ = {
			isa = XCConfigurationList;
			buildConfigurations = (
				B7BCDEF82873486D00225F40 /* Debug */,
				B7BCDEF92873486D00225F40 /* Release */,
			);
			defaultConfigurationIsVisible = 0;
			defaultConfigurationName = Release;
		};
		B7BCDEFA2873486D00225F40 /* Build configuration list for PBXNativeTarget "MuuvChallengeAppTests" */ = {
			isa = XCConfigurationList;
			buildConfigurations = (
				B7BCDEFB2873486D00225F40 /* Debug */,
				B7BCDEFC2873486D00225F40 /* Release */,
			);
			defaultConfigurationIsVisible = 0;
			defaultConfigurationName = Release;
		};
		B7BCDEFD2873486D00225F40 /* Build configuration list for PBXNativeTarget "MuuvChallengeAppUITests" */ = {
			isa = XCConfigurationList;
			buildConfigurations = (
				B7BCDEFE2873486D00225F40 /* Debug */,
				B7BCDEFF2873486D00225F40 /* Release */,
			);
			defaultConfigurationIsVisible = 0;
			defaultConfigurationName = Release;
		};
/* End XCConfigurationList section */
	};
	rootObject = B7BCDECB2873486B00225F40 /* Project object */;
}
